
Microsoft Visual Studio Solution File, Format Version 12.00
# Visual Studio Version 17
VisualStudioVersion = 17.13.35818.85 d17.13
MinimumVisualStudioVersion = 10.0.40219.1
Project("{FAE04EC0-301F-11D3-BF4B-00C04F79EFBC}") = "Domain", "Domain\Domain.csproj", "{DB0A7491-103C-40C6-B8F6-4BA95B4AB888}"
EndProject
Project("{FAE04EC0-301F-11D3-BF4B-00C04F79EFBC}") = "DataAccess", "DataAccess\DataAccess.csproj", "{010E42A1-F103-4066-B5FB-9406FD94F92B}"
EndProject
Project("{FAE04EC0-301F-11D3-BF4B-00C04F79EFBC}") = "Presentation", "Presentation\Presentation.csproj", "{27218F0F-8BFD-444B-B899-FC74D3EC4B39}"
EndProject
Global
	GlobalSection(SolutionConfigurationPlatforms) = preSolution
		Debug|Any CPU = Debug|Any CPU
		Release|Any CPU = Release|Any CPU
	EndGlobalSection
	GlobalSection(ProjectConfigurationPlatforms) = postSolution
		{DB0A7491-103C-40C6-B8F6-4BA95B4AB888}.Debug|Any CPU.ActiveCfg = Debug|Any CPU
		{DB0A7491-103C-40C6-B8F6-4BA95B4AB888}.Debug|Any CPU.Build.0 = Debug|Any CPU
		{DB0A7491-103C-40C6-B8F6-4BA95B4AB888}.Release|Any CPU.ActiveCfg = Release|Any CPU
		{DB0A7491-103C-40C6-B8F6-4BA95B4AB888}.Release|Any CPU.Build.0 = Release|Any CPU
		{010E42A1-F103-4066-B5FB-9406FD94F92B}.Debug|Any CPU.ActiveCfg = Debug|Any CPU
		{010E42A1-F103-4066-B5FB-9406FD94F92B}.Debug|Any CPU.Build.0 = Debug|Any CPU
		{010E42A1-F103-4066-B5FB-9406FD94F92B}.Release|Any CPU.ActiveCfg = Release|Any CPU
		{010E42A1-F103-4066-B5FB-9406FD94F92B}.Release|Any CPU.Build.0 = Release|Any CPU
		{27218F0F-8BFD-444B-B899-FC74D3EC4B39}.Debug|Any CPU.ActiveCfg = Debug|Any CPU
		{27218F0F-8BFD-444B-B899-FC74D3EC4B39}.Debug|Any CPU.Build.0 = Debug|Any CPU
		{27218F0F-8BFD-444B-B899-FC74D3EC4B39}.Release|Any CPU.ActiveCfg = Release|Any CPU
		{27218F0F-8BFD-444B-B899-FC74D3EC4B39}.Release|Any CPU.Build.0 = Release|Any CPU
	EndGlobalSection
	GlobalSection(SolutionProperties) = preSolution
		HideSolutionNode = FALSE
	EndGlobalSection
	GlobalSection(ExtensibilityGlobals) = postSolution
		SolutionGuid = {48C92F4C-8330-4574-958E-0AAD078AA9C7}
	EndGlobalSection
EndGlobal
